
Microsoft Visual Studio Solution File, Format Version 12.00
# Visual Studio Version 16
VisualStudioVersion = 16.0.29613.14
MinimumVisualStudioVersion = 10.0.40219.1
Project("{9A19103F-16F7-4668-BE54-9A1E7A4F7556}") = "EA.UsageTracking.Infrastructure", "EA.UsageTracking.Infrastructure\EA.UsageTracking.Infrastructure.csproj", "{EA53165A-2DFF-4D09-BBB9-DA74B0D0423E}"
EndProject
Project("{9A19103F-16F7-4668-BE54-9A1E7A4F7556}") = "EA.UsageTracking.SharedKernel", "EA.UsageTracking.SharedKernel\EA.UsageTracking.SharedKernel.csproj", "{A5DF5DF1-8CC0-4A97-9FA1-950F8C9CBA58}"
EndProject
Project("{9A19103F-16F7-4668-BE54-9A1E7A4F7556}") = "EA.UsageTracking.API", "EA.UsageTracking.API\EA.UsageTracking.API.csproj", "{44BAB297-092F-4522-A158-A2FAA5A4D8B6}"
EndProject
Project("{9A19103F-16F7-4668-BE54-9A1E7A4F7556}") = "EA.UsageTracking.Core", "EA.UsageTracking.Core\EA.UsageTracking.Core.csproj", "{5A478D09-1EFC-4AE6-A916-F494CF586A1D}"
EndProject
Project("{9A19103F-16F7-4668-BE54-9A1E7A4F7556}") = "EA.UsageTracking.Tests", "EA.UsageTracking.Tests\EA.UsageTracking.Tests.csproj", "{70D5AD88-7A16-42CA-B53C-977A4CBB8EEE}"
EndProject
Global
	GlobalSection(SolutionConfigurationPlatforms) = preSolution
		Debug|Any CPU = Debug|Any CPU
		Release|Any CPU = Release|Any CPU
	EndGlobalSection
	GlobalSection(ProjectConfigurationPlatforms) = postSolution
		{EA53165A-2DFF-4D09-BBB9-DA74B0D0423E}.Debug|Any CPU.ActiveCfg = Debug|Any CPU
		{EA53165A-2DFF-4D09-BBB9-DA74B0D0423E}.Debug|Any CPU.Build.0 = Debug|Any CPU
		{EA53165A-2DFF-4D09-BBB9-DA74B0D0423E}.Release|Any CPU.ActiveCfg = Release|Any CPU
		{EA53165A-2DFF-4D09-BBB9-DA74B0D0423E}.Release|Any CPU.Build.0 = Release|Any CPU
		{A5DF5DF1-8CC0-4A97-9FA1-950F8C9CBA58}.Debug|Any CPU.ActiveCfg = Debug|Any CPU
		{A5DF5DF1-8CC0-4A97-9FA1-950F8C9CBA58}.Debug|Any CPU.Build.0 = Debug|Any CPU
		{A5DF5DF1-8CC0-4A97-9FA1-950F8C9CBA58}.Release|Any CPU.ActiveCfg = Release|Any CPU
		{A5DF5DF1-8CC0-4A97-9FA1-950F8C9CBA58}.Release|Any CPU.Build.0 = Release|Any CPU
		{44BAB297-092F-4522-A158-A2FAA5A4D8B6}.Debug|Any CPU.ActiveCfg = Debug|Any CPU
		{44BAB297-092F-4522-A158-A2FAA5A4D8B6}.Debug|Any CPU.Build.0 = Debug|Any CPU
		{44BAB297-092F-4522-A158-A2FAA5A4D8B6}.Release|Any CPU.ActiveCfg = Release|Any CPU
		{44BAB297-092F-4522-A158-A2FAA5A4D8B6}.Release|Any CPU.Build.0 = Release|Any CPU
		{5A478D09-1EFC-4AE6-A916-F494CF586A1D}.Debug|Any CPU.ActiveCfg = Debug|Any CPU
		{5A478D09-1EFC-4AE6-A916-F494CF586A1D}.Debug|Any CPU.Build.0 = Debug|Any CPU
		{5A478D09-1EFC-4AE6-A916-F494CF586A1D}.Release|Any CPU.ActiveCfg = Release|Any CPU
		{5A478D09-1EFC-4AE6-A916-F494CF586A1D}.Release|Any CPU.Build.0 = Release|Any CPU
		{70D5AD88-7A16-42CA-B53C-977A4CBB8EEE}.Debug|Any CPU.ActiveCfg = Debug|Any CPU
		{70D5AD88-7A16-42CA-B53C-977A4CBB8EEE}.Debug|Any CPU.Build.0 = Debug|Any CPU
		{70D5AD88-7A16-42CA-B53C-977A4CBB8EEE}.Release|Any CPU.ActiveCfg = Release|Any CPU
		{70D5AD88-7A16-42CA-B53C-977A4CBB8EEE}.Release|Any CPU.Build.0 = Release|Any CPU
	EndGlobalSection
	GlobalSection(SolutionProperties) = preSolution
		HideSolutionNode = FALSE
	EndGlobalSection
	GlobalSection(ExtensibilityGlobals) = postSolution
		SolutionGuid = {81B81CDD-0381-4BAB-B67D-0B1E05928A8B}
	EndGlobalSection
EndGlobal
