
Microsoft Visual Studio Solution File, Format Version 12.00
# Visual Studio Version 16
VisualStudioVersion = 16.0.29613.14
MinimumVisualStudioVersion = 10.0.40219.1
Project("{9A19103F-16F7-4668-BE54-9A1E7A4F7556}") = "EA.UsageTracking.Infrastructure", "EA.UsageTracking.Infrastructure\EA.UsageTracking.Infrastructure.csproj", "{EA53165A-2DFF-4D09-BBB9-DA74B0D0423E}"
EndProject
Project("{9A19103F-16F7-4668-BE54-9A1E7A4F7556}") = "EA.UsageTracking.SharedKernel", "EA.UsageTracking.SharedKernel\EA.UsageTracking.SharedKernel.csproj", "{A5DF5DF1-8CC0-4A97-9FA1-950F8C9CBA58}"
EndProject
Project("{9A19103F-16F7-4668-BE54-9A1E7A4F7556}") = "EA.UsageTracking.Core", "EA.UsageTracking.Core\EA.UsageTracking.Core.csproj", "{5A478D09-1EFC-4AE6-A916-F494CF586A1D}"
EndProject
Project("{9A19103F-16F7-4668-BE54-9A1E7A4F7556}") = "EA.UsageTracking.Tests", "EA.UsageTracking.Tests\EA.UsageTracking.Tests.csproj", "{70D5AD88-7A16-42CA-B53C-977A4CBB8EEE}"
EndProject
Project("{9A19103F-16F7-4668-BE54-9A1E7A4F7556}") = "EA.UsageTracking.Application.API", "EA.UsageTracking.Application.API\EA.UsageTracking.Application.API.csproj", "{71DCF817-B560-4403-B1DE-17715A948129}"
EndProject
Project("{9A19103F-16F7-4668-BE54-9A1E7A4F7556}") = "EA.UsageTracking.Subscriber", "EA.UsageTracking.Subscriber\EA.UsageTracking.Subscriber.csproj", "{CEC89856-716D-4474-A597-545A2F5B49C0}"
EndProject
Project("{9A19103F-16F7-4668-BE54-9A1E7A4F7556}") = "EA.UsageTracking.Subscriber.API", "EA.UsageTracking.Subscriber.API\EA.UsageTracking.Subscriber.API.csproj", "{6484F252-6FB4-49E8-9416-546353349AB0}"
EndProject
Global
	GlobalSection(SolutionConfigurationPlatforms) = preSolution
		Production|Any CPU = Production|Any CPU
		Release|Any CPU = Release|Any CPU
		Sandbox|Any CPU = Sandbox|Any CPU
		Staging|Any CPU = Staging|Any CPU
	EndGlobalSection
	GlobalSection(ProjectConfigurationPlatforms) = postSolution
		{EA53165A-2DFF-4D09-BBB9-DA74B0D0423E}.Production|Any CPU.ActiveCfg = Production|Any CPU
		{EA53165A-2DFF-4D09-BBB9-DA74B0D0423E}.Production|Any CPU.Build.0 = Production|Any CPU
		{EA53165A-2DFF-4D09-BBB9-DA74B0D0423E}.Release|Any CPU.ActiveCfg = Release|Any CPU
		{EA53165A-2DFF-4D09-BBB9-DA74B0D0423E}.Release|Any CPU.Build.0 = Release|Any CPU
		{EA53165A-2DFF-4D09-BBB9-DA74B0D0423E}.Sandbox|Any CPU.ActiveCfg = Sandbox|Any CPU
		{EA53165A-2DFF-4D09-BBB9-DA74B0D0423E}.Sandbox|Any CPU.Build.0 = Sandbox|Any CPU
		{EA53165A-2DFF-4D09-BBB9-DA74B0D0423E}.Staging|Any CPU.ActiveCfg = Staging|Any CPU
		{EA53165A-2DFF-4D09-BBB9-DA74B0D0423E}.Staging|Any CPU.Build.0 = Staging|Any CPU
		{A5DF5DF1-8CC0-4A97-9FA1-950F8C9CBA58}.Production|Any CPU.ActiveCfg = Production|Any CPU
		{A5DF5DF1-8CC0-4A97-9FA1-950F8C9CBA58}.Production|Any CPU.Build.0 = Production|Any CPU
		{A5DF5DF1-8CC0-4A97-9FA1-950F8C9CBA58}.Release|Any CPU.ActiveCfg = Release|Any CPU
		{A5DF5DF1-8CC0-4A97-9FA1-950F8C9CBA58}.Release|Any CPU.Build.0 = Release|Any CPU
		{A5DF5DF1-8CC0-4A97-9FA1-950F8C9CBA58}.Sandbox|Any CPU.ActiveCfg = Sandbox|Any CPU
		{A5DF5DF1-8CC0-4A97-9FA1-950F8C9CBA58}.Sandbox|Any CPU.Build.0 = Sandbox|Any CPU
		{A5DF5DF1-8CC0-4A97-9FA1-950F8C9CBA58}.Staging|Any CPU.ActiveCfg = Staging|Any CPU
		{A5DF5DF1-8CC0-4A97-9FA1-950F8C9CBA58}.Staging|Any CPU.Build.0 = Staging|Any CPU
		{5A478D09-1EFC-4AE6-A916-F494CF586A1D}.Production|Any CPU.ActiveCfg = Production|Any CPU
		{5A478D09-1EFC-4AE6-A916-F494CF586A1D}.Production|Any CPU.Build.0 = Production|Any CPU
		{5A478D09-1EFC-4AE6-A916-F494CF586A1D}.Release|Any CPU.ActiveCfg = Release|Any CPU
		{5A478D09-1EFC-4AE6-A916-F494CF586A1D}.Release|Any CPU.Build.0 = Release|Any CPU
		{5A478D09-1EFC-4AE6-A916-F494CF586A1D}.Sandbox|Any CPU.ActiveCfg = Sandbox|Any CPU
		{5A478D09-1EFC-4AE6-A916-F494CF586A1D}.Sandbox|Any CPU.Build.0 = Sandbox|Any CPU
		{5A478D09-1EFC-4AE6-A916-F494CF586A1D}.Staging|Any CPU.ActiveCfg = Staging|Any CPU
		{5A478D09-1EFC-4AE6-A916-F494CF586A1D}.Staging|Any CPU.Build.0 = Staging|Any CPU
		{70D5AD88-7A16-42CA-B53C-977A4CBB8EEE}.Production|Any CPU.ActiveCfg = Production|Any CPU
		{70D5AD88-7A16-42CA-B53C-977A4CBB8EEE}.Production|Any CPU.Build.0 = Production|Any CPU
		{70D5AD88-7A16-42CA-B53C-977A4CBB8EEE}.Release|Any CPU.ActiveCfg = Release|Any CPU
		{70D5AD88-7A16-42CA-B53C-977A4CBB8EEE}.Release|Any CPU.Build.0 = Release|Any CPU
		{70D5AD88-7A16-42CA-B53C-977A4CBB8EEE}.Sandbox|Any CPU.ActiveCfg = Sandbox|Any CPU
		{70D5AD88-7A16-42CA-B53C-977A4CBB8EEE}.Sandbox|Any CPU.Build.0 = Sandbox|Any CPU
		{70D5AD88-7A16-42CA-B53C-977A4CBB8EEE}.Staging|Any CPU.ActiveCfg = Staging|Any CPU
		{70D5AD88-7A16-42CA-B53C-977A4CBB8EEE}.Staging|Any CPU.Build.0 = Staging|Any CPU
		{71DCF817-B560-4403-B1DE-17715A948129}.Production|Any CPU.ActiveCfg = Production|Any CPU
		{71DCF817-B560-4403-B1DE-17715A948129}.Production|Any CPU.Build.0 = Production|Any CPU
		{71DCF817-B560-4403-B1DE-17715A948129}.Release|Any CPU.ActiveCfg = Release|Any CPU
		{71DCF817-B560-4403-B1DE-17715A948129}.Release|Any CPU.Build.0 = Release|Any CPU
		{71DCF817-B560-4403-B1DE-17715A948129}.Sandbox|Any CPU.ActiveCfg = Sandbox|Any CPU
		{71DCF817-B560-4403-B1DE-17715A948129}.Sandbox|Any CPU.Build.0 = Sandbox|Any CPU
		{71DCF817-B560-4403-B1DE-17715A948129}.Staging|Any CPU.ActiveCfg = Staging|Any CPU
		{71DCF817-B560-4403-B1DE-17715A948129}.Staging|Any CPU.Build.0 = Staging|Any CPU
		{CEC89856-716D-4474-A597-545A2F5B49C0}.Production|Any CPU.ActiveCfg = Production|Any CPU
		{CEC89856-716D-4474-A597-545A2F5B49C0}.Production|Any CPU.Build.0 = Production|Any CPU
		{CEC89856-716D-4474-A597-545A2F5B49C0}.Release|Any CPU.ActiveCfg = Release|Any CPU
		{CEC89856-716D-4474-A597-545A2F5B49C0}.Release|Any CPU.Build.0 = Release|Any CPU
		{CEC89856-716D-4474-A597-545A2F5B49C0}.Sandbox|Any CPU.ActiveCfg = Sandbox|Any CPU
		{CEC89856-716D-4474-A597-545A2F5B49C0}.Sandbox|Any CPU.Build.0 = Sandbox|Any CPU
		{CEC89856-716D-4474-A597-545A2F5B49C0}.Staging|Any CPU.ActiveCfg = Staging|Any CPU
		{CEC89856-716D-4474-A597-545A2F5B49C0}.Staging|Any CPU.Build.0 = Staging|Any CPU
		{6484F252-6FB4-49E8-9416-546353349AB0}.Production|Any CPU.ActiveCfg = Production|Any CPU
		{6484F252-6FB4-49E8-9416-546353349AB0}.Production|Any CPU.Build.0 = Production|Any CPU
		{6484F252-6FB4-49E8-9416-546353349AB0}.Release|Any CPU.ActiveCfg = Release|Any CPU
		{6484F252-6FB4-49E8-9416-546353349AB0}.Release|Any CPU.Build.0 = Release|Any CPU
		{6484F252-6FB4-49E8-9416-546353349AB0}.Sandbox|Any CPU.ActiveCfg = Sandbox|Any CPU
		{6484F252-6FB4-49E8-9416-546353349AB0}.Sandbox|Any CPU.Build.0 = Sandbox|Any CPU
		{6484F252-6FB4-49E8-9416-546353349AB0}.Staging|Any CPU.ActiveCfg = Staging|Any CPU
		{6484F252-6FB4-49E8-9416-546353349AB0}.Staging|Any CPU.Build.0 = Staging|Any CPU
	EndGlobalSection
	GlobalSection(SolutionProperties) = preSolution
		HideSolutionNode = FALSE
	EndGlobalSection
	GlobalSection(ExtensibilityGlobals) = postSolution
		SolutionGuid = {81B81CDD-0381-4BAB-B67D-0B1E05928A8B}
	EndGlobalSection
EndGlobal
